
Microsoft Visual Studio Solution File, Format Version 12.00
# Visual Studio 15
VisualStudioVersion = 15.0.28307.539
MinimumVisualStudioVersion = 10.0.40219.1
Project("{FAE04EC0-301F-11D3-BF4B-00C04F79EFBC}") = "CRUD .NET", "CRUD .NET\CRUD .NET.csproj", "{8ED006A6-DED2-4B56-BDC0-242713333010}"
EndProject
Project("{FAE04EC0-301F-11D3-BF4B-00C04F79EFBC}") = "CRUD .NET.Tests", "CRUD .NET.Tests\CRUD .NET.Tests.csproj", "{0AB5BFE3-D043-467C-BD19-4988435F664F}"
EndProject
Global
	GlobalSection(SolutionConfigurationPlatforms) = preSolution
		Debug|Any CPU = Debug|Any CPU
		Release|Any CPU = Release|Any CPU
	EndGlobalSection
	GlobalSection(ProjectConfigurationPlatforms) = postSolution
		{8ED006A6-DED2-4B56-BDC0-242713333010}.Debug|Any CPU.ActiveCfg = Debug|Any CPU
		{8ED006A6-DED2-4B56-BDC0-242713333010}.Debug|Any CPU.Build.0 = Debug|Any CPU
		{8ED006A6-DED2-4B56-BDC0-242713333010}.Release|Any CPU.ActiveCfg = Release|Any CPU
		{8ED006A6-DED2-4B56-BDC0-242713333010}.Release|Any CPU.Build.0 = Release|Any CPU
		{0AB5BFE3-D043-467C-BD19-4988435F664F}.Debug|Any CPU.ActiveCfg = Debug|Any CPU
		{0AB5BFE3-D043-467C-BD19-4988435F664F}.Debug|Any CPU.Build.0 = Debug|Any CPU
		{0AB5BFE3-D043-467C-BD19-4988435F664F}.Release|Any CPU.ActiveCfg = Release|Any CPU
		{0AB5BFE3-D043-467C-BD19-4988435F664F}.Release|Any CPU.Build.0 = Release|Any CPU
	EndGlobalSection
	GlobalSection(SolutionProperties) = preSolution
		HideSolutionNode = FALSE
	EndGlobalSection
	GlobalSection(ExtensibilityGlobals) = postSolution
		SolutionGuid = {7E2CCF2F-28ED-4628-BAE5-5A2663EB8E87}
	EndGlobalSection
EndGlobal
